// !$*UTF8*$!
{
	archiveVersion = 1;
	classes = {
	};
	objectVersion = 46;
	objects = {

/* Begin PBXBuildFile section */
		B4F769E21EB73365008FE6F3 /* AppDelegate.swift in Sources */ = {isa = PBXBuildFile; fileRef = B4F769E11EB73365008FE6F3 /* AppDelegate.swift */; };
		B4F769E41EB73365008FE6F3 /* ViewController.swift in Sources */ = {isa = PBXBuildFile; fileRef = B4F769E31EB73365008FE6F3 /* ViewController.swift */; };
		B4F769E71EB73365008FE6F3 /* Main.storyboard in Resources */ = {isa = PBXBuildFile; fileRef = B4F769E51EB73365008FE6F3 /* Main.storyboard */; };
		B4F769E91EB73365008FE6F3 /* Assets.xcassets in Resources */ = {isa = PBXBuildFile; fileRef = B4F769E81EB73365008FE6F3 /* Assets.xcassets */; };
		B4F769EC1EB73365008FE6F3 /* LaunchScreen.storyboard in Resources */ = {isa = PBXBuildFile; fileRef = B4F769EA1EB73365008FE6F3 /* LaunchScreen.storyboard */; };
		B4F769F71EB73366008FE6F3 /* userLocationTests.swift in Sources */ = {isa = PBXBuildFile; fileRef = B4F769F61EB73366008FE6F3 /* userLocationTests.swift */; };
		B4F76A021EB73366008FE6F3 /* userLocationUITests.swift in Sources */ = {isa = PBXBuildFile; fileRef = B4F76A011EB73366008FE6F3 /* userLocationUITests.swift */; };
		B4F76A111EB73721008FE6F3 /* CoreLocation.framework in Frameworks */ = {isa = PBXBuildFile; fileRef = B4F76A101EB73721008FE6F3 /* CoreLocation.framework */; };
/* End PBXBuildFile section */

/* Begin PBXContainerItemProxy section */
		B4F769F31EB73366008FE6F3 /* PBXContainerItemProxy */ = {
			isa = PBXContainerItemProxy;
			containerPortal = B4F769D61EB73365008FE6F3 /* Project object */;
			proxyType = 1;
			remoteGlobalIDString = B4F769DD1EB73365008FE6F3;
			remoteInfo = userLocation;
		};
		B4F769FE1EB73366008FE6F3 /* PBXContainerItemProxy */ = {
			isa = PBXContainerItemProxy;
			containerPortal = B4F769D61EB73365008FE6F3 /* Project object */;
			proxyType = 1;
			remoteGlobalIDString = B4F769DD1EB73365008FE6F3;
			remoteInfo = userLocation;
		};
/* End PBXContainerItemProxy section */

/* Begin PBXFileReference section */
		B4F769DE1EB73365008FE6F3 /* userLocation.app */ = {isa = PBXFileReference; explicitFileType = wrapper.application; includeInIndex = 0; path = userLocation.app; sourceTree = BUILT_PRODUCTS_DIR; };
		B4F769E11EB73365008FE6F3 /* AppDelegate.swift */ = {isa = PBXFileReference; lastKnownFileType = sourcecode.swift; path = AppDelegate.swift; sourceTree = "<group>"; };
		B4F769E31EB73365008FE6F3 /* ViewController.swift */ = {isa = PBXFileReference; lastKnownFileType = sourcecode.swift; path = ViewController.swift; sourceTree = "<group>"; };
		B4F769E61EB73365008FE6F3 /* Base */ = {isa = PBXFileReference; lastKnownFileType = file.storyboard; name = Base; path = Base.lproj/Main.storyboard; sourceTree = "<group>"; };
		B4F769E81EB73365008FE6F3 /* Assets.xcassets */ = {isa = PBXFileReference; lastKnownFileType = folder.assetcatalog; path = Assets.xcassets; sourceTree = "<group>"; };
		B4F769EB1EB73365008FE6F3 /* Base */ = {isa = PBXFileReference; lastKnownFileType = file.storyboard; name = Base; path = Base.lproj/LaunchScreen.storyboard; sourceTree = "<group>"; };
		B4F769ED1EB73365008FE6F3 /* Info.plist */ = {isa = PBXFileReference; lastKnownFileType = text.plist.xml; path = Info.plist; sourceTree = "<group>"; };
		B4F769F21EB73366008FE6F3 /* userLocationTests.xctest */ = {isa = PBXFileReference; explicitFileType = wrapper.cfbundle; includeInIndex = 0; path = userLocationTests.xctest; sourceTree = BUILT_PRODUCTS_DIR; };
		B4F769F61EB73366008FE6F3 /* userLocationTests.swift */ = {isa = PBXFileReference; lastKnownFileType = sourcecode.swift; path = userLocationTests.swift; sourceTree = "<group>"; };
		B4F769F81EB73366008FE6F3 /* Info.plist */ = {isa = PBXFileReference; lastKnownFileType = text.plist.xml; path = Info.plist; sourceTree = "<group>"; };
		B4F769FD1EB73366008FE6F3 /* userLocationUITests.xctest */ = {isa = PBXFileReference; explicitFileType = wrapper.cfbundle; includeInIndex = 0; path = userLocationUITests.xctest; sourceTree = BUILT_PRODUCTS_DIR; };
		B4F76A011EB73366008FE6F3 /* userLocationUITests.swift */ = {isa = PBXFileReference; lastKnownFileType = sourcecode.swift; path = userLocationUITests.swift; sourceTree = "<group>"; };
		B4F76A031EB73366008FE6F3 /* Info.plist */ = {isa = PBXFileReference; lastKnownFileType = text.plist.xml; path = Info.plist; sourceTree = "<group>"; };
		B4F76A101EB73721008FE6F3 /* CoreLocation.framework */ = {isa = PBXFileReference; lastKnownFileType = wrapper.framework; name = CoreLocation.framework; path = System/Library/Frameworks/CoreLocation.framework; sourceTree = SDKROOT; };
/* End PBXFileReference section */

/* Begin PBXFrameworksBuildPhase section */
		B4F769DB1EB73365008FE6F3 /* Frameworks */ = {
			isa = PBXFrameworksBuildPhase;
			buildActionMask = 2147483647;
			files = (
				B4F76A111EB73721008FE6F3 /* CoreLocation.framework in Frameworks */,
			);
			runOnlyForDeploymentPostprocessing = 0;
		};
		B4F769EF1EB73366008FE6F3 /* Frameworks */ = {
			isa = PBXFrameworksBuildPhase;
			buildActionMask = 2147483647;
			files = (
			);
			runOnlyForDeploymentPostprocessing = 0;
		};
		B4F769FA1EB73366008FE6F3 /* Frameworks */ = {
			isa = PBXFrameworksBuildPhase;
			buildActionMask = 2147483647;
			files = (
			);
			runOnlyForDeploymentPostprocessing = 0;
		};
/* End PBXFrameworksBuildPhase section */

/* Begin PBXGroup section */
		B4F769D51EB73365008FE6F3 = {
			isa = PBXGroup;
			children = (
				B4F769E01EB73365008FE6F3 /* userLocation */,
				B4F769F51EB73366008FE6F3 /* userLocationTests */,
				B4F76A001EB73366008FE6F3 /* userLocationUITests */,
				B4F769DF1EB73365008FE6F3 /* Products */,
				B4F76A0F1EB73720008FE6F3 /* Frameworks */,
			);
			sourceTree = "<group>";
		};
		B4F769DF1EB73365008FE6F3 /* Products */ = {
			isa = PBXGroup;
			children = (
				B4F769DE1EB73365008FE6F3 /* userLocation.app */,
				B4F769F21EB73366008FE6F3 /* userLocationTests.xctest */,
				B4F769FD1EB73366008FE6F3 /* userLocationUITests.xctest */,
			);
			name = Products;
			sourceTree = "<group>";
		};
		B4F769E01EB73365008FE6F3 /* userLocation */ = {
			isa = PBXGroup;
			children = (
				B4F769E11EB73365008FE6F3 /* AppDelegate.swift */,
				B4F769E31EB73365008FE6F3 /* ViewController.swift */,
				B4F769E51EB73365008FE6F3 /* Main.storyboard */,
				B4F769E81EB73365008FE6F3 /* Assets.xcassets */,
				B4F769EA1EB73365008FE6F3 /* LaunchScreen.storyboard */,
				B4F769ED1EB73365008FE6F3 /* Info.plist */,
			);
			path = userLocation;
			sourceTree = "<group>";
		};
		B4F769F51EB73366008FE6F3 /* userLocationTests */ = {
			isa = PBXGroup;
			children = (
				B4F769F61EB73366008FE6F3 /* userLocationTests.swift */,
				B4F769F81EB73366008FE6F3 /* Info.plist */,
			);
			path = userLocationTests;
			sourceTree = "<group>";
		};
		B4F76A001EB73366008FE6F3 /* userLocationUITests */ = {
			isa = PBXGroup;
			children = (
				B4F76A011EB73366008FE6F3 /* userLocationUITests.swift */,
				B4F76A031EB73366008FE6F3 /* Info.plist */,
			);
			path = userLocationUITests;
			sourceTree = "<group>";
		};
		B4F76A0F1EB73720008FE6F3 /* Frameworks */ = {
			isa = PBXGroup;
			children = (
				B4F76A101EB73721008FE6F3 /* CoreLocation.framework */,
			);
			name = Frameworks;
			sourceTree = "<group>";
		};
/* End PBXGroup section */

/* Begin PBXNativeTarget section */
		B4F769DD1EB73365008FE6F3 /* userLocation */ = {
			isa = PBXNativeTarget;
			buildConfigurationList = B4F76A061EB73366008FE6F3 /* Build configuration list for PBXNativeTarget "userLocation" */;
			buildPhases = (
				B4F769DA1EB73365008FE6F3 /* Sources */,
				B4F769DB1EB73365008FE6F3 /* Frameworks */,
				B4F769DC1EB73365008FE6F3 /* Resources */,
			);
			buildRules = (
			);
			dependencies = (
			);
			name = userLocation;
			productName = userLocation;
			productReference = B4F769DE1EB73365008FE6F3 /* userLocation.app */;
			productType = "com.apple.product-type.application";
		};
		B4F769F11EB73366008FE6F3 /* userLocationTests */ = {
			isa = PBXNativeTarget;
			buildConfigurationList = B4F76A091EB73366008FE6F3 /* Build configuration list for PBXNativeTarget "userLocationTests" */;
			buildPhases = (
				B4F769EE1EB73366008FE6F3 /* Sources */,
				B4F769EF1EB73366008FE6F3 /* Frameworks */,
				B4F769F01EB73366008FE6F3 /* Resources */,
			);
			buildRules = (
			);
			dependencies = (
				B4F769F41EB73366008FE6F3 /* PBXTargetDependency */,
			);
			name = userLocationTests;
			productName = userLocationTests;
			productReference = B4F769F21EB73366008FE6F3 /* userLocationTests.xctest */;
			productType = "com.apple.product-type.bundle.unit-test";
		};
		B4F769FC1EB73366008FE6F3 /* userLocationUITests */ = {
			isa = PBXNativeTarget;
			buildConfigurationList = B4F76A0C1EB73366008FE6F3 /* Build configuration list for PBXNativeTarget "userLocationUITests" */;
			buildPhases = (
				B4F769F91EB73366008FE6F3 /* Sources */,
				B4F769FA1EB73366008FE6F3 /* Frameworks */,
				B4F769FB1EB73366008FE6F3 /* Resources */,
			);
			buildRules = (
			);
			dependencies = (
				B4F769FF1EB73366008FE6F3 /* PBXTargetDependency */,
			);
			name = userLocationUITests;
			productName = userLocationUITests;
			productReference = B4F769FD1EB73366008FE6F3 /* userLocationUITests.xctest */;
			productType = "com.apple.product-type.bundle.ui-testing";
		};
/* End PBXNativeTarget section */

/* Begin PBXProject section */
		B4F769D61EB73365008FE6F3 /* Project object */ = {
			isa = PBXProject;
			attributes = {
				LastSwiftUpdateCheck = 0820;
				LastUpgradeCheck = 0820;
				ORGANIZATIONNAME = "Shirley Li";
				TargetAttributes = {
					B4F769DD1EB73365008FE6F3 = {
						CreatedOnToolsVersion = 8.2.1;
						DevelopmentTeam = 822CEDC7LP;
						ProvisioningStyle = Automatic;
					};
					B4F769F11EB73366008FE6F3 = {
						CreatedOnToolsVersion = 8.2.1;
						DevelopmentTeam = 822CEDC7LP;
						ProvisioningStyle = Automatic;
						TestTargetID = B4F769DD1EB73365008FE6F3;
					};
					B4F769FC1EB73366008FE6F3 = {
						CreatedOnToolsVersion = 8.2.1;
						DevelopmentTeam = 822CEDC7LP;
						ProvisioningStyle = Automatic;
						TestTargetID = B4F769DD1EB73365008FE6F3;
					};
				};
			};
			buildConfigurationList = B4F769D91EB73365008FE6F3 /* Build configuration list for PBXProject "userLocation" */;
			compatibilityVersion = "Xcode 3.2";
			developmentRegion = English;
			hasScannedForEncodings = 0;
			knownRegions = (
				en,
				Base,
			);
			mainGroup = B4F769D51EB73365008FE6F3;
			productRefGroup = B4F769DF1EB73365008FE6F3 /* Products */;
			projectDirPath = "";
			projectRoot = "";
			targets = (
				B4F769DD1EB73365008FE6F3 /* userLocation */,
				B4F769F11EB73366008FE6F3 /* userLocationTests */,
				B4F769FC1EB73366008FE6F3 /* userLocationUITests */,
			);
		};
/* End PBXProject section */

/* Begin PBXResourcesBuildPhase section */
		B4F769DC1EB73365008FE6F3 /* Resources */ = {
			isa = PBXResourcesBuildPhase;
			buildActionMask = 2147483647;
			files = (
				B4F769EC1EB73365008FE6F3 /* LaunchScreen.storyboard in Resources */,
				B4F769E91EB73365008FE6F3 /* Assets.xcassets in Resources */,
				B4F769E71EB73365008FE6F3 /* Main.storyboard in Resources */,
			);
			runOnlyForDeploymentPostprocessing = 0;
		};
		B4F769F01EB73366008FE6F3 /* Resources */ = {
			isa = PBXResourcesBuildPhase;
			buildActionMask = 2147483647;
			files = (
			);
			runOnlyForDeploymentPostprocessing = 0;
		};
		B4F769FB1EB73366008FE6F3 /* Resources */ = {
			isa = PBXResourcesBuildPhase;
			buildActionMask = 2147483647;
			files = (
			);
			runOnlyForDeploymentPostprocessing = 0;
		};
/* End PBXResourcesBuildPhase section */

/* Begin PBXSourcesBuildPhase section */
		B4F769DA1EB73365008FE6F3 /* Sources */ = {
			isa = PBXSourcesBuildPhase;
			buildActionMask = 2147483647;
			files = (
				B4F769E41EB73365008FE6F3 /* ViewController.swift in Sources */,
				B4F769E21EB73365008FE6F3 /* AppDelegate.swift in Sources */,
			);
			runOnlyForDeploymentPostprocessing = 0;
		};
		B4F769EE1EB73366008FE6F3 /* Sources */ = {
			isa = PBXSourcesBuildPhase;
			buildActionMask = 2147483647;
			files = (
				B4F769F71EB73366008FE6F3 /* userLocationTests.swift in Sources */,
			);
			runOnlyForDeploymentPostprocessing = 0;
		};
		B4F769F91EB73366008FE6F3 /* Sources */ = {
			isa = PBXSourcesBuildPhase;
			buildActionMask = 2147483647;
			files = (
				B4F76A021EB73366008FE6F3 /* userLocationUITests.swift in Sources */,
			);
			runOnlyForDeploymentPostprocessing = 0;
		};
/* End PBXSourcesBuildPhase section */

/* Begin PBXTargetDependency section */
		B4F769F41EB73366008FE6F3 /* PBXTargetDependency */ = {
			isa = PBXTargetDependency;
			target = B4F769DD1EB73365008FE6F3 /* userLocation */;
			targetProxy = B4F769F31EB73366008FE6F3 /* PBXContainerItemProxy */;
		};
		B4F769FF1EB73366008FE6F3 /* PBXTargetDependency */ = {
			isa = PBXTargetDependency;
			target = B4F769DD1EB73365008FE6F3 /* userLocation */;
			targetProxy = B4F769FE1EB73366008FE6F3 /* PBXContainerItemProxy */;
		};
/* End PBXTargetDependency section */

/* Begin PBXVariantGroup section */
		B4F769E51EB73365008FE6F3 /* Main.storyboard */ = {
			isa = PBXVariantGroup;
			children = (
				B4F769E61EB73365008FE6F3 /* Base */,
			);
			name = Main.storyboard;
			sourceTree = "<group>";
		};
		B4F769EA1EB73365008FE6F3 /* LaunchScreen.storyboard */ = {
			isa = PBXVariantGroup;
			children = (
				B4F769EB1EB73365008FE6F3 /* Base */,
			);
			name = LaunchScreen.storyboard;
			sourceTree = "<group>";
		};
/* End PBXVariantGroup section */

/* Begin XCBuildConfiguration section */
		B4F76A041EB73366008FE6F3 /* Debug */ = {
			isa = XCBuildConfiguration;
			buildSettings = {
				ALWAYS_SEARCH_USER_PATHS = NO;
				CLANG_ANALYZER_NONNULL = YES;
				CLANG_CXX_LANGUAGE_STANDARD = "gnu++0x";
				CLANG_CXX_LIBRARY = "libc++";
				CLANG_ENABLE_MODULES = YES;
				CLANG_ENABLE_OBJC_ARC = YES;
				CLANG_WARN_BOOL_CONVERSION = YES;
				CLANG_WARN_CONSTANT_CONVERSION = YES;
				CLANG_WARN_DIRECT_OBJC_ISA_USAGE = YES_ERROR;
				CLANG_WARN_DOCUMENTATION_COMMENTS = YES;
				CLANG_WARN_EMPTY_BODY = YES;
				CLANG_WARN_ENUM_CONVERSION = YES;
				CLANG_WARN_INFINITE_RECURSION = YES;
				CLANG_WARN_INT_CONVERSION = YES;
				CLANG_WARN_OBJC_ROOT_CLASS = YES_ERROR;
				CLANG_WARN_SUSPICIOUS_MOVE = YES;
				CLANG_WARN_UNREACHABLE_CODE = YES;
				CLANG_WARN__DUPLICATE_METHOD_MATCH = YES;
				"CODE_SIGN_IDENTITY[sdk=iphoneos*]" = "iPhone Developer";
				COPY_PHASE_STRIP = NO;
				DEBUG_INFORMATION_FORMAT = dwarf;
				ENABLE_STRICT_OBJC_MSGSEND = YES;
				ENABLE_TESTABILITY = YES;
				GCC_C_LANGUAGE_STANDARD = gnu99;
				GCC_DYNAMIC_NO_PIC = NO;
				GCC_NO_COMMON_BLOCKS = YES;
				GCC_OPTIMIZATION_LEVEL = 0;
				GCC_PREPROCESSOR_DEFINITIONS = (
					"DEBUG=1",
					"$(inherited)",
				);
				GCC_WARN_64_TO_32_BIT_CONVERSION = YES;
				GCC_WARN_ABOUT_RETURN_TYPE = YES_ERROR;
				GCC_WARN_UNDECLARED_SELECTOR = YES;
				GCC_WARN_UNINITIALIZED_AUTOS = YES_AGGRESSIVE;
				GCC_WARN_UNUSED_FUNCTION = YES;
				GCC_WARN_UNUSED_VARIABLE = YES;
				IPHONEOS_DEPLOYMENT_TARGET = 10.2;
				MTL_ENABLE_DEBUG_INFO = YES;
				ONLY_ACTIVE_ARCH = YES;
				SDKROOT = iphoneos;
				SWIFT_ACTIVE_COMPILATION_CONDITIONS = DEBUG;
				SWIFT_OPTIMIZATION_LEVEL = "-Onone";
				TARGETED_DEVICE_FAMILY = "1,2";
			};
			name = Debug;
		};
		B4F76A051EB73366008FE6F3 /* Release */ = {
			isa = XCBuildConfiguration;
			buildSettings = {
				ALWAYS_SEARCH_USER_PATHS = NO;
				CLANG_ANALYZER_NONNULL = YES;
				CLANG_CXX_LANGUAGE_STANDARD = "gnu++0x";
				CLANG_CXX_LIBRARY = "libc++";
				CLANG_ENABLE_MODULES = YES;
				CLANG_ENABLE_OBJC_ARC = YES;
				CLANG_WARN_BOOL_CONVERSION = YES;
				CLANG_WARN_CONSTANT_CONVERSION = YES;
				CLANG_WARN_DIRECT_OBJC_ISA_USAGE = YES_ERROR;
				CLANG_WARN_DOCUMENTATION_COMMENTS = YES;
				CLANG_WARN_EMPTY_BODY = YES;
				CLANG_WARN_ENUM_CONVERSION = YES;
				CLANG_WARN_INFINITE_RECURSION = YES;
				CLANG_WARN_INT_CONVERSION = YES;
				CLANG_WARN_OBJC_ROOT_CLASS = YES_ERROR;
				CLANG_WARN_SUSPICIOUS_MOVE = YES;
				CLANG_WARN_UNREACHABLE_CODE = YES;
				CLANG_WARN__DUPLICATE_METHOD_MATCH = YES;
				"CODE_SIGN_IDENTITY[sdk=iphoneos*]" = "iPhone Developer";
				COPY_PHASE_STRIP = NO;
				DEBUG_INFORMATION_FORMAT = "dwarf-with-dsym";
				ENABLE_NS_ASSERTIONS = NO;
				ENABLE_STRICT_OBJC_MSGSEND = YES;
				GCC_C_LANGUAGE_STANDARD = gnu99;
				GCC_NO_COMMON_BLOCKS = YES;
				GCC_WARN_64_TO_32_BIT_CONVERSION = YES;
				GCC_WARN_ABOUT_RETURN_TYPE = YES_ERROR;
				GCC_WARN_UNDECLARED_SELECTOR = YES;
				GCC_WARN_UNINITIALIZED_AUTOS = YES_AGGRESSIVE;
				GCC_WARN_UNUSED_FUNCTION = YES;
				GCC_WARN_UNUSED_VARIABLE = YES;
				IPHONEOS_DEPLOYMENT_TARGET = 10.2;
				MTL_ENABLE_DEBUG_INFO = NO;
				SDKROOT = iphoneos;
				SWIFT_OPTIMIZATION_LEVEL = "-Owholemodule";
				TARGETED_DEVICE_FAMILY = "1,2";
				VALIDATE_PRODUCT = YES;
			};
			name = Release;
		};
		B4F76A071EB73366008FE6F3 /* Debug */ = {
			isa = XCBuildConfiguration;
			buildSettings = {
				ASSETCATALOG_COMPILER_APPICON_NAME = AppIcon;
				DEVELOPMENT_TEAM = 822CEDC7LP;
				INFOPLIST_FILE = userLocation/Info.plist;
				LD_RUNPATH_SEARCH_PATHS = "$(inherited) @executable_path/Frameworks";
				PRODUCT_BUNDLE_IDENTIFIER = shirleyli.userLocation;
				PRODUCT_NAME = "$(TARGET_NAME)";
				SWIFT_VERSION = 3.0;
			};
			name = Debug;
		};
		B4F76A081EB73366008FE6F3 /* Release */ = {
			isa = XCBuildConfiguration;
			buildSettings = {
				ASSETCATALOG_COMPILER_APPICON_NAME = AppIcon;
				DEVELOPMENT_TEAM = 822CEDC7LP;
				INFOPLIST_FILE = userLocation/Info.plist;
				LD_RUNPATH_SEARCH_PATHS = "$(inherited) @executable_path/Frameworks";
				PRODUCT_BUNDLE_IDENTIFIER = shirleyli.userLocation;
				PRODUCT_NAME = "$(TARGET_NAME)";
				SWIFT_VERSION = 3.0;
			};
			name = Release;
		};
		B4F76A0A1EB73366008FE6F3 /* Debug */ = {
			isa = XCBuildConfiguration;
			buildSettings = {
				ALWAYS_EMBED_SWIFT_STANDARD_LIBRARIES = YES;
				BUNDLE_LOADER = "$(TEST_HOST)";
				DEVELOPMENT_TEAM = 822CEDC7LP;
				INFOPLIST_FILE = userLocationTests/Info.plist;
				LD_RUNPATH_SEARCH_PATHS = "$(inherited) @executable_path/Frameworks @loader_path/Frameworks";
				PRODUCT_BUNDLE_IDENTIFIER = shirleyli.userLocationTests;
				PRODUCT_NAME = "$(TARGET_NAME)";
				SWIFT_VERSION = 3.0;
				TEST_HOST = "$(BUILT_PRODUCTS_DIR)/userLocation.app/userLocation";
			};
			name = Debug;
		};
		B4F76A0B1EB73366008FE6F3 /* Release */ = {
			isa = XCBuildConfiguration;
			buildSettings = {
				ALWAYS_EMBED_SWIFT_STANDARD_LIBRARIES = YES;
				BUNDLE_LOADER = "$(TEST_HOST)";
				DEVELOPMENT_TEAM = 822CEDC7LP;
				INFOPLIST_FILE = userLocationTests/Info.plist;
				LD_RUNPATH_SEARCH_PATHS = "$(inherited) @executable_path/Frameworks @loader_path/Frameworks";
				PRODUCT_BUNDLE_IDENTIFIER = shirleyli.userLocationTests;
				PRODUCT_NAME = "$(TARGET_NAME)";
				SWIFT_VERSION = 3.0;
				TEST_HOST = "$(BUILT_PRODUCTS_DIR)/userLocation.app/userLocation";
			};
			name = Release;
		};
		B4F76A0D1EB73366008FE6F3 /* Debug */ = {
			isa = XCBuildConfiguration;
			buildSettings = {
				ALWAYS_EMBED_SWIFT_STANDARD_LIBRARIES = YES;
				DEVELOPMENT_TEAM = 822CEDC7LP;
				INFOPLIST_FILE = userLocationUITests/Info.plist;
				LD_RUNPATH_SEARCH_PATHS = "$(inherited) @executable_path/Frameworks @loader_path/Frameworks";
				PRODUCT_BUNDLE_IDENTIFIER = shirleyli.userLocationUITests;
				PRODUCT_NAME = "$(TARGET_NAME)";
				SWIFT_VERSION = 3.0;
				TEST_TARGET_NAME = userLocation;
			};
			name = Debug;
		};
		B4F76A0E1EB73366008FE6F3 /* Release */ = {
			isa = XCBuildConfiguration;
			buildSettings = {
				ALWAYS_EMBED_SWIFT_STANDARD_LIBRARIES = YES;
				DEVELOPMENT_TEAM = 822CEDC7LP;
				INFOPLIST_FILE = userLocationUITests/Info.plist;
				LD_RUNPATH_SEARCH_PATHS = "$(inherited) @executable_path/Frameworks @loader_path/Frameworks";
				PRODUCT_BUNDLE_IDENTIFIER = shirleyli.userLocationUITests;
				PRODUCT_NAME = "$(TARGET_NAME)";
				SWIFT_VERSION = 3.0;
				TEST_TARGET_NAME = userLocation;
			};
			name = Release;
		};
/* End XCBuildConfiguration section */

/* Begin XCConfigurationList section */
		B4F769D91EB73365008FE6F3 /* Build configuration list for PBXProject "userLocation" */ = {
			isa = XCConfigurationList;
			buildConfigurations = (
				B4F76A041EB73366008FE6F3 /* Debug */,
				B4F76A051EB73366008FE6F3 /* Release */,
			);
			defaultConfigurationIsVisible = 0;
			defaultConfigurationName = Release;
		};
		B4F76A061EB73366008FE6F3 /* Build configuration list for PBXNativeTarget "userLocation" */ = {
			isa = XCConfigurationList;
			buildConfigurations = (
				B4F76A071EB73366008FE6F3 /* Debug */,
				B4F76A081EB73366008FE6F3 /* Release */,
			);
			defaultConfigurationIsVisible = 0;
		};
		B4F76A091EB73366008FE6F3 /* Build configuration list for PBXNativeTarget "userLocationTests" */ = {
			isa = XCConfigurationList;
			buildConfigurations = (
				B4F76A0A1EB73366008FE6F3 /* Debug */,
				B4F76A0B1EB73366008FE6F3 /* Release */,
			);
			defaultConfigurationIsVisible = 0;
		};
		B4F76A0C1EB73366008FE6F3 /* Build configuration list for PBXNativeTarget "userLocationUITests" */ = {
			isa = XCConfigurationList;
			buildConfigurations = (
				B4F76A0D1EB73366008FE6F3 /* Debug */,
				B4F76A0E1EB73366008FE6F3 /* Release */,
			);
			defaultConfigurationIsVisible = 0;
		};
/* End XCConfigurationList section */
	};
	rootObject = B4F769D61EB73365008FE6F3 /* Project object */;
}
